
Microsoft Visual Studio Solution File, Format Version 12.00
# Visual Studio 15
VisualStudioVersion = 15.0.28307.852
MinimumVisualStudioVersion = 10.0.40219.1
Project("{FAE04EC0-301F-11D3-BF4B-00C04F79EFBC}") = "luabtsdebug", "luabtsdebug\luabtsdebug.csproj", "{6387ECEF-1998-4A80-80AD-4128575EB72C}"
EndProject
Project("{FAE04EC0-301F-11D3-BF4B-00C04F79EFBC}") = "DebugAdapter", "DebugAdapter\DebugAdapter.csproj", "{E8EEB594-E4BE-4A32-978E-1B1694D05BE2}"
EndProject
Global
	GlobalSection(SolutionConfigurationPlatforms) = preSolution
		Debug|Any CPU = Debug|Any CPU
		Debug|x86 = Debug|x86
		Release|Any CPU = Release|Any CPU
		Release|x86 = Release|x86
	EndGlobalSection
	GlobalSection(ProjectConfigurationPlatforms) = postSolution
		{6387ECEF-1998-4A80-80AD-4128575EB72C}.Debug|Any CPU.ActiveCfg = Debug|Any CPU
		{6387ECEF-1998-4A80-80AD-4128575EB72C}.Debug|Any CPU.Build.0 = Debug|Any CPU
		{6387ECEF-1998-4A80-80AD-4128575EB72C}.Debug|x86.ActiveCfg = Debug|Any CPU
		{6387ECEF-1998-4A80-80AD-4128575EB72C}.Debug|x86.Build.0 = Debug|Any CPU
		{6387ECEF-1998-4A80-80AD-4128575EB72C}.Release|Any CPU.ActiveCfg = Release|Any CPU
		{6387ECEF-1998-4A80-80AD-4128575EB72C}.Release|Any CPU.Build.0 = Release|Any CPU
		{6387ECEF-1998-4A80-80AD-4128575EB72C}.Release|x86.ActiveCfg = Release|Any CPU
		{6387ECEF-1998-4A80-80AD-4128575EB72C}.Release|x86.Build.0 = Release|Any CPU
		{E8EEB594-E4BE-4A32-978E-1B1694D05BE2}.Debug|Any CPU.ActiveCfg = Debug|Any CPU
		{E8EEB594-E4BE-4A32-978E-1B1694D05BE2}.Debug|Any CPU.Build.0 = Debug|Any CPU
		{E8EEB594-E4BE-4A32-978E-1B1694D05BE2}.Debug|x86.ActiveCfg = Debug|Any CPU
		{E8EEB594-E4BE-4A32-978E-1B1694D05BE2}.Debug|x86.Build.0 = Debug|Any CPU
		{E8EEB594-E4BE-4A32-978E-1B1694D05BE2}.Release|Any CPU.ActiveCfg = Release|Any CPU
		{E8EEB594-E4BE-4A32-978E-1B1694D05BE2}.Release|Any CPU.Build.0 = Release|Any CPU
		{E8EEB594-E4BE-4A32-978E-1B1694D05BE2}.Release|x86.ActiveCfg = Release|Any CPU
		{E8EEB594-E4BE-4A32-978E-1B1694D05BE2}.Release|x86.Build.0 = Release|Any CPU
	EndGlobalSection
	GlobalSection(SolutionProperties) = preSolution
		HideSolutionNode = FALSE
	EndGlobalSection
	GlobalSection(ExtensibilityGlobals) = postSolution
		SolutionGuid = {9F4815F8-2733-440E-B9DD-D6AE494CC14A}
	EndGlobalSection
EndGlobal
